
Microsoft Visual Studio Solution File, Format Version 12.00
# Visual Studio Version 17
VisualStudioVersion = 17.4.33122.133
MinimumVisualStudioVersion = 10.0.40219.1
Project("{FAE04EC0-301F-11D3-BF4B-00C04F79EFBC}") = "Temp1", "Temp1.csproj", "{9C5213B0-CB27-4EF6-AD02-90A2708CF7F9}"
EndProject
Global
	GlobalSection(SolutionConfigurationPlatforms) = preSolution
		Debug|Any CPU = Debug|Any CPU
		Release|Any CPU = Release|Any CPU
	EndGlobalSection
	GlobalSection(ProjectConfigurationPlatforms) = postSolution
		{9C5213B0-CB27-4EF6-AD02-90A2708CF7F9}.Debug|Any CPU.ActiveCfg = Debug|Any CPU
		{9C5213B0-CB27-4EF6-AD02-90A2708CF7F9}.Debug|Any CPU.Build.0 = Debug|Any CPU
		{9C5213B0-CB27-4EF6-AD02-90A2708CF7F9}.Release|Any CPU.ActiveCfg = Release|Any CPU
		{9C5213B0-CB27-4EF6-AD02-90A2708CF7F9}.Release|Any CPU.Build.0 = Release|Any CPU
	EndGlobalSection
	GlobalSection(SolutionProperties) = preSolution
		HideSolutionNode = FALSE
	EndGlobalSection
	GlobalSection(ExtensibilityGlobals) = postSolution
		SolutionGuid = {A3E69CAB-CCEF-4961-BCCA-E2A075A58991}
	EndGlobalSection
EndGlobal
